// !$*UTF8*$!
{
	archiveVersion = 1;
	classes = {
	};
	objectVersion = 46;
	objects = {

/* Begin PBXBuildFile section */
		0B34DBD61D89A8B900EBD976 /* PageContentViewController.m in Sources */ = {isa = PBXBuildFile; fileRef = 0B34DBD51D89A8B900EBD976 /* PageContentViewController.m */; };
		0B34DBD91D89B65200EBD976 /* InitialTableViewController.m in Sources */ = {isa = PBXBuildFile; fileRef = 0B34DBD81D89B65200EBD976 /* InitialTableViewController.m */; };
		577B56071D5C034D0042E5D3 /* SecondViewController.m in Sources */ = {isa = PBXBuildFile; fileRef = 577B56061D5C034D0042E5D3 /* SecondViewController.m */; };
		57FFE7641D5BEE3700A8F4C3 /* main.m in Sources */ = {isa = PBXBuildFile; fileRef = 57FFE7631D5BEE3700A8F4C3 /* main.m */; };
		57FFE7671D5BEE3700A8F4C3 /* AppDelegate.m in Sources */ = {isa = PBXBuildFile; fileRef = 57FFE7661D5BEE3700A8F4C3 /* AppDelegate.m */; };
		57FFE76A1D5BEE3700A8F4C3 /* ViewController.m in Sources */ = {isa = PBXBuildFile; fileRef = 57FFE7691D5BEE3700A8F4C3 /* ViewController.m */; };
		57FFE76D1D5BEE3700A8F4C3 /* Main.storyboard in Resources */ = {isa = PBXBuildFile; fileRef = 57FFE76B1D5BEE3700A8F4C3 /* Main.storyboard */; };
		57FFE7701D5BEE3700A8F4C3 /* CoOntacts.xcdatamodeld in Sources */ = {isa = PBXBuildFile; fileRef = 57FFE76E1D5BEE3700A8F4C3 /* CoOntacts.xcdatamodeld */; };
		57FFE7721D5BEE3700A8F4C3 /* Assets.xcassets in Resources */ = {isa = PBXBuildFile; fileRef = 57FFE7711D5BEE3700A8F4C3 /* Assets.xcassets */; };
		57FFE7751D5BEE3700A8F4C3 /* LaunchScreen.storyboard in Resources */ = {isa = PBXBuildFile; fileRef = 57FFE7731D5BEE3700A8F4C3 /* LaunchScreen.storyboard */; };
		D30795331DD8D6260061DED1 /* AddContactViewController.m in Sources */ = {isa = PBXBuildFile; fileRef = D30795321DD8D6260061DED1 /* AddContactViewController.m */; };
		D374E1401DDB7D700062E5A8 /* Contato+CoreDataClass.m in Sources */ = {isa = PBXBuildFile; fileRef = D374E13D1DDB7D700062E5A8 /* Contato+CoreDataClass.m */; };
		D374E1411DDB7D700062E5A8 /* Contato+CoreDataProperties.m in Sources */ = {isa = PBXBuildFile; fileRef = D374E13F1DDB7D700062E5A8 /* Contato+CoreDataProperties.m */; };
		D374E1461DDB88600062E5A8 /* ContactTableViewCell.m in Sources */ = {isa = PBXBuildFile; fileRef = D374E1441DDB88600062E5A8 /* ContactTableViewCell.m */; };
		D374E1471DDB88600062E5A8 /* ContactTableViewCell.xib in Resources */ = {isa = PBXBuildFile; fileRef = D374E1451DDB88600062E5A8 /* ContactTableViewCell.xib */; };
/* End PBXBuildFile section */

/* Begin PBXFileReference section */
		0B34DBD41D89A8B900EBD976 /* PageContentViewController.h */ = {isa = PBXFileReference; fileEncoding = 4; lastKnownFileType = sourcecode.c.h; path = PageContentViewController.h; sourceTree = "<group>"; };
		0B34DBD51D89A8B900EBD976 /* PageContentViewController.m */ = {isa = PBXFileReference; fileEncoding = 4; lastKnownFileType = sourcecode.c.objc; path = PageContentViewController.m; sourceTree = "<group>"; };
		0B34DBD71D89B65200EBD976 /* InitialTableViewController.h */ = {isa = PBXFileReference; fileEncoding = 4; lastKnownFileType = sourcecode.c.h; path = InitialTableViewController.h; sourceTree = "<group>"; };
		0B34DBD81D89B65200EBD976 /* InitialTableViewController.m */ = {isa = PBXFileReference; fileEncoding = 4; lastKnownFileType = sourcecode.c.objc; path = InitialTableViewController.m; sourceTree = "<group>"; };
		577B56051D5C034D0042E5D3 /* SecondViewController.h */ = {isa = PBXFileReference; fileEncoding = 4; lastKnownFileType = sourcecode.c.h; path = SecondViewController.h; sourceTree = "<group>"; };
		577B56061D5C034D0042E5D3 /* SecondViewController.m */ = {isa = PBXFileReference; fileEncoding = 4; lastKnownFileType = sourcecode.c.objc; path = SecondViewController.m; sourceTree = "<group>"; };
		57FFE75F1D5BEE3700A8F4C3 /* CoOntacts.app */ = {isa = PBXFileReference; explicitFileType = wrapper.application; includeInIndex = 0; path = CoOntacts.app; sourceTree = BUILT_PRODUCTS_DIR; };
		57FFE7631D5BEE3700A8F4C3 /* main.m */ = {isa = PBXFileReference; lastKnownFileType = sourcecode.c.objc; path = main.m; sourceTree = "<group>"; };
		57FFE7651D5BEE3700A8F4C3 /* AppDelegate.h */ = {isa = PBXFileReference; lastKnownFileType = sourcecode.c.h; path = AppDelegate.h; sourceTree = "<group>"; };
		57FFE7661D5BEE3700A8F4C3 /* AppDelegate.m */ = {isa = PBXFileReference; lastKnownFileType = sourcecode.c.objc; path = AppDelegate.m; sourceTree = "<group>"; };
		57FFE7681D5BEE3700A8F4C3 /* ViewController.h */ = {isa = PBXFileReference; lastKnownFileType = sourcecode.c.h; path = ViewController.h; sourceTree = "<group>"; };
		57FFE7691D5BEE3700A8F4C3 /* ViewController.m */ = {isa = PBXFileReference; lastKnownFileType = sourcecode.c.objc; path = ViewController.m; sourceTree = "<group>"; };
		57FFE76C1D5BEE3700A8F4C3 /* Base */ = {isa = PBXFileReference; lastKnownFileType = file.storyboard; name = Base; path = Base.lproj/Main.storyboard; sourceTree = "<group>"; };
		57FFE76F1D5BEE3700A8F4C3 /* CoOntacts.xcdatamodel */ = {isa = PBXFileReference; lastKnownFileType = wrapper.xcdatamodel; path = CoOntacts.xcdatamodel; sourceTree = "<group>"; };
		57FFE7711D5BEE3700A8F4C3 /* Assets.xcassets */ = {isa = PBXFileReference; lastKnownFileType = folder.assetcatalog; path = Assets.xcassets; sourceTree = "<group>"; };
		57FFE7741D5BEE3700A8F4C3 /* Base */ = {isa = PBXFileReference; lastKnownFileType = file.storyboard; name = Base; path = Base.lproj/LaunchScreen.storyboard; sourceTree = "<group>"; };
		57FFE7761D5BEE3700A8F4C3 /* Info.plist */ = {isa = PBXFileReference; lastKnownFileType = text.plist.xml; path = Info.plist; sourceTree = "<group>"; };
		D30795311DD8D6260061DED1 /* AddContactViewController.h */ = {isa = PBXFileReference; fileEncoding = 4; lastKnownFileType = sourcecode.c.h; path = AddContactViewController.h; sourceTree = "<group>"; };
		D30795321DD8D6260061DED1 /* AddContactViewController.m */ = {isa = PBXFileReference; fileEncoding = 4; lastKnownFileType = sourcecode.c.objc; path = AddContactViewController.m; sourceTree = "<group>"; };
		D374E13C1DDB7D700062E5A8 /* Contato+CoreDataClass.h */ = {isa = PBXFileReference; fileEncoding = 4; lastKnownFileType = sourcecode.c.h; name = "Contato+CoreDataClass.h"; path = "../Contato+CoreDataClass.h"; sourceTree = "<group>"; };
		D374E13D1DDB7D700062E5A8 /* Contato+CoreDataClass.m */ = {isa = PBXFileReference; fileEncoding = 4; lastKnownFileType = sourcecode.c.objc; name = "Contato+CoreDataClass.m"; path = "../Contato+CoreDataClass.m"; sourceTree = "<group>"; };
		D374E13E1DDB7D700062E5A8 /* Contato+CoreDataProperties.h */ = {isa = PBXFileReference; fileEncoding = 4; lastKnownFileType = sourcecode.c.h; name = "Contato+CoreDataProperties.h"; path = "../Contato+CoreDataProperties.h"; sourceTree = "<group>"; };
		D374E13F1DDB7D700062E5A8 /* Contato+CoreDataProperties.m */ = {isa = PBXFileReference; fileEncoding = 4; lastKnownFileType = sourcecode.c.objc; name = "Contato+CoreDataProperties.m"; path = "../Contato+CoreDataProperties.m"; sourceTree = "<group>"; };
		D374E1431DDB88600062E5A8 /* ContactTableViewCell.h */ = {isa = PBXFileReference; fileEncoding = 4; lastKnownFileType = sourcecode.c.h; path = ContactTableViewCell.h; sourceTree = "<group>"; };
		D374E1441DDB88600062E5A8 /* ContactTableViewCell.m */ = {isa = PBXFileReference; fileEncoding = 4; lastKnownFileType = sourcecode.c.objc; path = ContactTableViewCell.m; sourceTree = "<group>"; };
		D374E1451DDB88600062E5A8 /* ContactTableViewCell.xib */ = {isa = PBXFileReference; fileEncoding = 4; lastKnownFileType = file.xib; path = ContactTableViewCell.xib; sourceTree = "<group>"; };
/* End PBXFileReference section */

/* Begin PBXFrameworksBuildPhase section */
		57FFE75C1D5BEE3700A8F4C3 /* Frameworks */ = {
			isa = PBXFrameworksBuildPhase;
			buildActionMask = 2147483647;
			files = (
			);
			runOnlyForDeploymentPostprocessing = 0;
		};
/* End PBXFrameworksBuildPhase section */

/* Begin PBXGroup section */
		57FFE7561D5BEE3700A8F4C3 = {
			isa = PBXGroup;
			children = (
				57FFE7611D5BEE3700A8F4C3 /* CoOntacts */,
				57FFE7601D5BEE3700A8F4C3 /* Products */,
			);
			sourceTree = "<group>";
		};
		57FFE7601D5BEE3700A8F4C3 /* Products */ = {
			isa = PBXGroup;
			children = (
				57FFE75F1D5BEE3700A8F4C3 /* CoOntacts.app */,
			);
			name = Products;
			sourceTree = "<group>";
		};
		57FFE7611D5BEE3700A8F4C3 /* CoOntacts */ = {
			isa = PBXGroup;
			children = (
				D30795301DD8C7C60061DED1 /* TableViewControllers */,
				D307952F1DD8C7AF0061DED1 /* ViewControllers */,
				D3E533141DBEAFB80018669C /* Entities */,
				D374E1421DDB87A50062E5A8 /* XibFiles */,
				57FFE7651D5BEE3700A8F4C3 /* AppDelegate.h */,
				57FFE7661D5BEE3700A8F4C3 /* AppDelegate.m */,
				57FFE76B1D5BEE3700A8F4C3 /* Main.storyboard */,
				57FFE7711D5BEE3700A8F4C3 /* Assets.xcassets */,
				57FFE7731D5BEE3700A8F4C3 /* LaunchScreen.storyboard */,
				57FFE7761D5BEE3700A8F4C3 /* Info.plist */,
				57FFE76E1D5BEE3700A8F4C3 /* CoOntacts.xcdatamodeld */,
				57FFE7621D5BEE3700A8F4C3 /* Supporting Files */,
			);
			path = CoOntacts;
			sourceTree = "<group>";
		};
		57FFE7621D5BEE3700A8F4C3 /* Supporting Files */ = {
			isa = PBXGroup;
			children = (
				57FFE7631D5BEE3700A8F4C3 /* main.m */,
			);
			name = "Supporting Files";
			sourceTree = "<group>";
		};
		D307952F1DD8C7AF0061DED1 /* ViewControllers */ = {
			isa = PBXGroup;
			children = (
				57FFE7681D5BEE3700A8F4C3 /* ViewController.h */,
				57FFE7691D5BEE3700A8F4C3 /* ViewController.m */,
				577B56051D5C034D0042E5D3 /* SecondViewController.h */,
				577B56061D5C034D0042E5D3 /* SecondViewController.m */,
				0B34DBD41D89A8B900EBD976 /* PageContentViewController.h */,
				0B34DBD51D89A8B900EBD976 /* PageContentViewController.m */,
				D30795311DD8D6260061DED1 /* AddContactViewController.h */,
				D30795321DD8D6260061DED1 /* AddContactViewController.m */,
			);
			name = ViewControllers;
			sourceTree = "<group>";
		};
		D30795301DD8C7C60061DED1 /* TableViewControllers */ = {
			isa = PBXGroup;
			children = (
				0B34DBD71D89B65200EBD976 /* InitialTableViewController.h */,
				0B34DBD81D89B65200EBD976 /* InitialTableViewController.m */,
			);
			name = TableViewControllers;
			sourceTree = "<group>";
		};
		D374E1421DDB87A50062E5A8 /* XibFiles */ = {
			isa = PBXGroup;
			children = (
				D374E1431DDB88600062E5A8 /* ContactTableViewCell.h */,
				D374E1441DDB88600062E5A8 /* ContactTableViewCell.m */,
				D374E1451DDB88600062E5A8 /* ContactTableViewCell.xib */,
			);
			name = XibFiles;
			sourceTree = "<group>";
		};
		D3E533141DBEAFB80018669C /* Entities */ = {
			isa = PBXGroup;
			children = (
				D374E13C1DDB7D700062E5A8 /* Contato+CoreDataClass.h */,
				D374E13D1DDB7D700062E5A8 /* Contato+CoreDataClass.m */,
				D374E13E1DDB7D700062E5A8 /* Contato+CoreDataProperties.h */,
				D374E13F1DDB7D700062E5A8 /* Contato+CoreDataProperties.m */,
			);
			name = Entities;
			sourceTree = "<group>";
		};
/* End PBXGroup section */

/* Begin PBXNativeTarget section */
		57FFE75E1D5BEE3700A8F4C3 /* CoOntacts */ = {
			isa = PBXNativeTarget;
			buildConfigurationList = 57FFE7791D5BEE3700A8F4C3 /* Build configuration list for PBXNativeTarget "CoOntacts" */;
			buildPhases = (
				57FFE75B1D5BEE3700A8F4C3 /* Sources */,
				57FFE75C1D5BEE3700A8F4C3 /* Frameworks */,
				57FFE75D1D5BEE3700A8F4C3 /* Resources */,
			);
			buildRules = (
			);
			dependencies = (
			);
			name = CoOntacts;
			productName = CoOntacts;
			productReference = 57FFE75F1D5BEE3700A8F4C3 /* CoOntacts.app */;
			productType = "com.apple.product-type.application";
		};
/* End PBXNativeTarget section */

/* Begin PBXProject section */
		57FFE7571D5BEE3700A8F4C3 /* Project object */ = {
			isa = PBXProject;
			attributes = {
				LastUpgradeCheck = 0730;
				ORGANIZATIONNAME = Weuller;
				TargetAttributes = {
					57FFE75E1D5BEE3700A8F4C3 = {
						CreatedOnToolsVersion = 7.3.1;
						LastSwiftMigration = 0800;
					};
				};
			};
			buildConfigurationList = 57FFE75A1D5BEE3700A8F4C3 /* Build configuration list for PBXProject "CoOntacts" */;
			compatibilityVersion = "Xcode 3.2";
			developmentRegion = English;
			hasScannedForEncodings = 0;
			knownRegions = (
				en,
				Base,
			);
			mainGroup = 57FFE7561D5BEE3700A8F4C3;
			productRefGroup = 57FFE7601D5BEE3700A8F4C3 /* Products */;
			projectDirPath = "";
			projectRoot = "";
			targets = (
				57FFE75E1D5BEE3700A8F4C3 /* CoOntacts */,
			);
		};
/* End PBXProject section */

/* Begin PBXResourcesBuildPhase section */
		57FFE75D1D5BEE3700A8F4C3 /* Resources */ = {
			isa = PBXResourcesBuildPhase;
			buildActionMask = 2147483647;
			files = (
				D374E1471DDB88600062E5A8 /* ContactTableViewCell.xib in Resources */,
				57FFE7751D5BEE3700A8F4C3 /* LaunchScreen.storyboard in Resources */,
				57FFE7721D5BEE3700A8F4C3 /* Assets.xcassets in Resources */,
				57FFE76D1D5BEE3700A8F4C3 /* Main.storyboard in Resources */,
			);
			runOnlyForDeploymentPostprocessing = 0;
		};
/* End PBXResourcesBuildPhase section */

/* Begin PBXSourcesBuildPhase section */
		57FFE75B1D5BEE3700A8F4C3 /* Sources */ = {
			isa = PBXSourcesBuildPhase;
			buildActionMask = 2147483647;
			files = (
				577B56071D5C034D0042E5D3 /* SecondViewController.m in Sources */,
				57FFE7701D5BEE3700A8F4C3 /* CoOntacts.xcdatamodeld in Sources */,
				D374E1461DDB88600062E5A8 /* ContactTableViewCell.m in Sources */,
				0B34DBD61D89A8B900EBD976 /* PageContentViewController.m in Sources */,
				D30795331DD8D6260061DED1 /* AddContactViewController.m in Sources */,
				57FFE76A1D5BEE3700A8F4C3 /* ViewController.m in Sources */,
				D374E1401DDB7D700062E5A8 /* Contato+CoreDataClass.m in Sources */,
				0B34DBD91D89B65200EBD976 /* InitialTableViewController.m in Sources */,
				57FFE7671D5BEE3700A8F4C3 /* AppDelegate.m in Sources */,
				D374E1411DDB7D700062E5A8 /* Contato+CoreDataProperties.m in Sources */,
				57FFE7641D5BEE3700A8F4C3 /* main.m in Sources */,
			);
			runOnlyForDeploymentPostprocessing = 0;
		};
/* End PBXSourcesBuildPhase section */

/* Begin PBXVariantGroup section */
		57FFE76B1D5BEE3700A8F4C3 /* Main.storyboard */ = {
			isa = PBXVariantGroup;
			children = (
				57FFE76C1D5BEE3700A8F4C3 /* Base */,
			);
			name = Main.storyboard;
			sourceTree = "<group>";
		};
		57FFE7731D5BEE3700A8F4C3 /* LaunchScreen.storyboard */ = {
			isa = PBXVariantGroup;
			children = (
				57FFE7741D5BEE3700A8F4C3 /* Base */,
			);
			name = LaunchScreen.storyboard;
			sourceTree = "<group>";
		};
/* End PBXVariantGroup section */

/* Begin XCBuildConfiguration section */
		57FFE7771D5BEE3700A8F4C3 /* Debug */ = {
			isa = XCBuildConfiguration;
			buildSettings = {
				ALWAYS_SEARCH_USER_PATHS = NO;
				CLANG_ANALYZER_NONNULL = YES;
				CLANG_CXX_LANGUAGE_STANDARD = "gnu++0x";
				CLANG_CXX_LIBRARY = "libc++";
				CLANG_ENABLE_MODULES = YES;
				CLANG_ENABLE_OBJC_ARC = YES;
				CLANG_WARN_BOOL_CONVERSION = YES;
				CLANG_WARN_CONSTANT_CONVERSION = YES;
				CLANG_WARN_DIRECT_OBJC_ISA_USAGE = YES_ERROR;
				CLANG_WARN_EMPTY_BODY = YES;
				CLANG_WARN_ENUM_CONVERSION = YES;
				CLANG_WARN_INT_CONVERSION = YES;
				CLANG_WARN_OBJC_ROOT_CLASS = YES_ERROR;
				CLANG_WARN_UNREACHABLE_CODE = YES;
				CLANG_WARN__DUPLICATE_METHOD_MATCH = YES;
				"CODE_SIGN_IDENTITY[sdk=iphoneos*]" = "iPhone Developer";
				COPY_PHASE_STRIP = NO;
				DEBUG_INFORMATION_FORMAT = dwarf;
				ENABLE_STRICT_OBJC_MSGSEND = YES;
				ENABLE_TESTABILITY = YES;
				GCC_C_LANGUAGE_STANDARD = gnu99;
				GCC_DYNAMIC_NO_PIC = NO;
				GCC_NO_COMMON_BLOCKS = YES;
				GCC_OPTIMIZATION_LEVEL = 0;
				GCC_PREPROCESSOR_DEFINITIONS = (
					"DEBUG=1",
					"$(inherited)",
				);
				GCC_WARN_64_TO_32_BIT_CONVERSION = YES;
				GCC_WARN_ABOUT_RETURN_TYPE = YES_ERROR;
				GCC_WARN_UNDECLARED_SELECTOR = YES;
				GCC_WARN_UNINITIALIZED_AUTOS = YES_AGGRESSIVE;
				GCC_WARN_UNUSED_FUNCTION = YES;
				GCC_WARN_UNUSED_VARIABLE = YES;
				IPHONEOS_DEPLOYMENT_TARGET = 9.3;
				MTL_ENABLE_DEBUG_INFO = YES;
				ONLY_ACTIVE_ARCH = YES;
				SDKROOT = iphoneos;
				TARGETED_DEVICE_FAMILY = "1,2";
			};
			name = Debug;
		};
		57FFE7781D5BEE3700A8F4C3 /* Release */ = {
			isa = XCBuildConfiguration;
			buildSettings = {
				ALWAYS_SEARCH_USER_PATHS = NO;
				CLANG_ANALYZER_NONNULL = YES;
				CLANG_CXX_LANGUAGE_STANDARD = "gnu++0x";
				CLANG_CXX_LIBRARY = "libc++";
				CLANG_ENABLE_MODULES = YES;
				CLANG_ENABLE_OBJC_ARC = YES;
				CLANG_WARN_BOOL_CONVERSION = YES;
				CLANG_WARN_CONSTANT_CONVERSION = YES;
				CLANG_WARN_DIRECT_OBJC_ISA_USAGE = YES_ERROR;
				CLANG_WARN_EMPTY_BODY = YES;
				CLANG_WARN_ENUM_CONVERSION = YES;
				CLANG_WARN_INT_CONVERSION = YES;
				CLANG_WARN_OBJC_ROOT_CLASS = YES_ERROR;
				CLANG_WARN_UNREACHABLE_CODE = YES;
				CLANG_WARN__DUPLICATE_METHOD_MATCH = YES;
				"CODE_SIGN_IDENTITY[sdk=iphoneos*]" = "iPhone Developer";
				COPY_PHASE_STRIP = NO;
				DEBUG_INFORMATION_FORMAT = "dwarf-with-dsym";
				ENABLE_NS_ASSERTIONS = NO;
				ENABLE_STRICT_OBJC_MSGSEND = YES;
				GCC_C_LANGUAGE_STANDARD = gnu99;
				GCC_NO_COMMON_BLOCKS = YES;
				GCC_WARN_64_TO_32_BIT_CONVERSION = YES;
				GCC_WARN_ABOUT_RETURN_TYPE = YES_ERROR;
				GCC_WARN_UNDECLARED_SELECTOR = YES;
				GCC_WARN_UNINITIALIZED_AUTOS = YES_AGGRESSIVE;
				GCC_WARN_UNUSED_FUNCTION = YES;
				GCC_WARN_UNUSED_VARIABLE = YES;
				IPHONEOS_DEPLOYMENT_TARGET = 9.3;
				MTL_ENABLE_DEBUG_INFO = NO;
				SDKROOT = iphoneos;
				TARGETED_DEVICE_FAMILY = "1,2";
				VALIDATE_PRODUCT = YES;
			};
			name = Release;
		};
		57FFE77A1D5BEE3700A8F4C3 /* Debug */ = {
			isa = XCBuildConfiguration;
			buildSettings = {
				ASSETCATALOG_COMPILER_APPICON_NAME = AppIcon;
				CLANG_ENABLE_MODULES = YES;
				INFOPLIST_FILE = CoOntacts/Info.plist;
				LD_RUNPATH_SEARCH_PATHS = "$(inherited) @executable_path/Frameworks";
				PRODUCT_BUNDLE_IDENTIFIER = br.weuller.CoOntacts;
				PRODUCT_NAME = "$(TARGET_NAME)";
				SWIFT_OPTIMIZATION_LEVEL = "-Onone";
				SWIFT_VERSION = 3.0;
			};
			name = Debug;
		};
		57FFE77B1D5BEE3700A8F4C3 /* Release */ = {
			isa = XCBuildConfiguration;
			buildSettings = {
				ASSETCATALOG_COMPILER_APPICON_NAME = AppIcon;
				CLANG_ENABLE_MODULES = YES;
				INFOPLIST_FILE = CoOntacts/Info.plist;
				LD_RUNPATH_SEARCH_PATHS = "$(inherited) @executable_path/Frameworks";
				PRODUCT_BUNDLE_IDENTIFIER = br.weuller.CoOntacts;
				PRODUCT_NAME = "$(TARGET_NAME)";
				SWIFT_VERSION = 3.0;
			};
			name = Release;
		};
/* End XCBuildConfiguration section */

/* Begin XCConfigurationList section */
		57FFE75A1D5BEE3700A8F4C3 /* Build configuration list for PBXProject "CoOntacts" */ = {
			isa = XCConfigurationList;
			buildConfigurations = (
				57FFE7771D5BEE3700A8F4C3 /* Debug */,
				57FFE7781D5BEE3700A8F4C3 /* Release */,
			);
			defaultConfigurationIsVisible = 0;
			defaultConfigurationName = Release;
		};
		57FFE7791D5BEE3700A8F4C3 /* Build configuration list for PBXNativeTarget "CoOntacts" */ = {
			isa = XCConfigurationList;
			buildConfigurations = (
				57FFE77A1D5BEE3700A8F4C3 /* Debug */,
				57FFE77B1D5BEE3700A8F4C3 /* Release */,
			);
			defaultConfigurationIsVisible = 0;
			defaultConfigurationName = Release;
		};
/* End XCConfigurationList section */

/* Begin XCVersionGroup section */
		57FFE76E1D5BEE3700A8F4C3 /* CoOntacts.xcdatamodeld */ = {
			isa = XCVersionGroup;
			children = (
				57FFE76F1D5BEE3700A8F4C3 /* CoOntacts.xcdatamodel */,
			);
			currentVersion = 57FFE76F1D5BEE3700A8F4C3 /* CoOntacts.xcdatamodel */;
			path = CoOntacts.xcdatamodeld;
			sourceTree = "<group>";
			versionGroupType = wrapper.xcdatamodel;
		};
/* End XCVersionGroup section */
	};
	rootObject = 57FFE7571D5BEE3700A8F4C3 /* Project object */;
}
